
Microsoft Visual Studio Solution File, Format Version 12.00
# Visual Studio Version 17
VisualStudioVersion = 17.1.32210.238
MinimumVisualStudioVersion = 10.0.40219.1
Project("{FAE04EC0-301F-11D3-BF4B-00C04F79EFBC}") = "A to B B to A", "A to B B to A.csproj", "{781ABB12-FBA4-4E2C-AD72-50DA7EE4766A}"
EndProject
Global
	GlobalSection(SolutionConfigurationPlatforms) = preSolution
		Debug|Any CPU = Debug|Any CPU
		Release|Any CPU = Release|Any CPU
	EndGlobalSection
	GlobalSection(ProjectConfigurationPlatforms) = postSolution
		{781ABB12-FBA4-4E2C-AD72-50DA7EE4766A}.Debug|Any CPU.ActiveCfg = Debug|Any CPU
		{781ABB12-FBA4-4E2C-AD72-50DA7EE4766A}.Debug|Any CPU.Build.0 = Debug|Any CPU
		{781ABB12-FBA4-4E2C-AD72-50DA7EE4766A}.Release|Any CPU.ActiveCfg = Release|Any CPU
		{781ABB12-FBA4-4E2C-AD72-50DA7EE4766A}.Release|Any CPU.Build.0 = Release|Any CPU
	EndGlobalSection
	GlobalSection(SolutionProperties) = preSolution
		HideSolutionNode = FALSE
	EndGlobalSection
	GlobalSection(ExtensibilityGlobals) = postSolution
		SolutionGuid = {C472C0A5-91C3-48E1-981A-56AFF48E60F8}
	EndGlobalSection
EndGlobal
